
Microsoft Visual Studio Solution File, Format Version 12.00
# Visual Studio Version 17
VisualStudioVersion = 17.14.36202.13
MinimumVisualStudioVersion = 10.0.40219.1
Project("{FAE04EC0-301F-11D3-BF4B-00C04F79EFBC}") = "AppCommander.W7-11.WPF", "AppCommander.W7-11.WPF\AppCommander.W7-11.WPF.csproj", "{D920F8A2-F7EF-472C-B0E6-F58AA4F1CAB9}"
EndProject
Project("{930C7802-8A8C-48F9-8165-68863BCCD9DD}") = "AppCommander.Installer", "AppCommander.Installer\AppCommander.Installer.wixproj", "{ED3BF810-D71D-468B-8965-781EE78D1F55}"
EndProject
Global
	GlobalSection(SolutionConfigurationPlatforms) = preSolution
		Debug|Any CPU = Debug|Any CPU
		Debug|ARM = Debug|ARM
		Debug|ARM64 = Debug|ARM64
		Debug|x64 = Debug|x64
		Debug|x86 = Debug|x86
		Release|Any CPU = Release|Any CPU
		Release|ARM = Release|ARM
		Release|ARM64 = Release|ARM64
		Release|x64 = Release|x64
		Release|x86 = Release|x86
	EndGlobalSection
	GlobalSection(ProjectConfigurationPlatforms) = postSolution
		{D920F8A2-F7EF-472C-B0E6-F58AA4F1CAB9}.Debug|Any CPU.ActiveCfg = Debug|Any CPU
		{D920F8A2-F7EF-472C-B0E6-F58AA4F1CAB9}.Debug|Any CPU.Build.0 = Debug|Any CPU
		{D920F8A2-F7EF-472C-B0E6-F58AA4F1CAB9}.Debug|ARM.ActiveCfg = Debug|Any CPU
		{D920F8A2-F7EF-472C-B0E6-F58AA4F1CAB9}.Debug|ARM.Build.0 = Debug|Any CPU
		{D920F8A2-F7EF-472C-B0E6-F58AA4F1CAB9}.Debug|ARM64.ActiveCfg = Debug|Any CPU
		{D920F8A2-F7EF-472C-B0E6-F58AA4F1CAB9}.Debug|ARM64.Build.0 = Debug|Any CPU
		{D920F8A2-F7EF-472C-B0E6-F58AA4F1CAB9}.Debug|x64.ActiveCfg = Debug|Any CPU
		{D920F8A2-F7EF-472C-B0E6-F58AA4F1CAB9}.Debug|x64.Build.0 = Debug|Any CPU
		{D920F8A2-F7EF-472C-B0E6-F58AA4F1CAB9}.Debug|x86.ActiveCfg = Debug|Any CPU
		{D920F8A2-F7EF-472C-B0E6-F58AA4F1CAB9}.Debug|x86.Build.0 = Debug|Any CPU
		{D920F8A2-F7EF-472C-B0E6-F58AA4F1CAB9}.Release|Any CPU.ActiveCfg = Release|Any CPU
		{D920F8A2-F7EF-472C-B0E6-F58AA4F1CAB9}.Release|Any CPU.Build.0 = Release|Any CPU
		{D920F8A2-F7EF-472C-B0E6-F58AA4F1CAB9}.Release|ARM.ActiveCfg = Release|Any CPU
		{D920F8A2-F7EF-472C-B0E6-F58AA4F1CAB9}.Release|ARM.Build.0 = Release|Any CPU
		{D920F8A2-F7EF-472C-B0E6-F58AA4F1CAB9}.Release|ARM64.ActiveCfg = Release|Any CPU
		{D920F8A2-F7EF-472C-B0E6-F58AA4F1CAB9}.Release|ARM64.Build.0 = Release|Any CPU
		{D920F8A2-F7EF-472C-B0E6-F58AA4F1CAB9}.Release|x64.ActiveCfg = Release|Any CPU
		{D920F8A2-F7EF-472C-B0E6-F58AA4F1CAB9}.Release|x64.Build.0 = Release|Any CPU
		{D920F8A2-F7EF-472C-B0E6-F58AA4F1CAB9}.Release|x86.ActiveCfg = Release|Any CPU
		{D920F8A2-F7EF-472C-B0E6-F58AA4F1CAB9}.Release|x86.Build.0 = Release|Any CPU
		{ED3BF810-D71D-468B-8965-781EE78D1F55}.Debug|Any CPU.ActiveCfg = Debug|x86
		{ED3BF810-D71D-468B-8965-781EE78D1F55}.Debug|Any CPU.Build.0 = Debug|x86
		{ED3BF810-D71D-468B-8965-781EE78D1F55}.Debug|ARM.ActiveCfg = Debug|x86
		{ED3BF810-D71D-468B-8965-781EE78D1F55}.Debug|ARM.Build.0 = Debug|x86
		{ED3BF810-D71D-468B-8965-781EE78D1F55}.Debug|ARM64.ActiveCfg = Debug|x86
		{ED3BF810-D71D-468B-8965-781EE78D1F55}.Debug|ARM64.Build.0 = Debug|x86
		{ED3BF810-D71D-468B-8965-781EE78D1F55}.Debug|x64.ActiveCfg = Debug|x86
		{ED3BF810-D71D-468B-8965-781EE78D1F55}.Debug|x64.Build.0 = Debug|x86
		{ED3BF810-D71D-468B-8965-781EE78D1F55}.Debug|x86.ActiveCfg = Debug|x86
		{ED3BF810-D71D-468B-8965-781EE78D1F55}.Debug|x86.Build.0 = Debug|x86
		{ED3BF810-D71D-468B-8965-781EE78D1F55}.Release|Any CPU.ActiveCfg = Release|x86
		{ED3BF810-D71D-468B-8965-781EE78D1F55}.Release|Any CPU.Build.0 = Release|x86
		{ED3BF810-D71D-468B-8965-781EE78D1F55}.Release|ARM.ActiveCfg = Release|x86
		{ED3BF810-D71D-468B-8965-781EE78D1F55}.Release|ARM.Build.0 = Release|x86
		{ED3BF810-D71D-468B-8965-781EE78D1F55}.Release|ARM64.ActiveCfg = Release|x86
		{ED3BF810-D71D-468B-8965-781EE78D1F55}.Release|ARM64.Build.0 = Release|x86
		{ED3BF810-D71D-468B-8965-781EE78D1F55}.Release|x64.ActiveCfg = Release|x86
		{ED3BF810-D71D-468B-8965-781EE78D1F55}.Release|x64.Build.0 = Release|x86
		{ED3BF810-D71D-468B-8965-781EE78D1F55}.Release|x86.ActiveCfg = Release|x86
		{ED3BF810-D71D-468B-8965-781EE78D1F55}.Release|x86.Build.0 = Release|x86
	EndGlobalSection
	GlobalSection(SolutionProperties) = preSolution
		HideSolutionNode = FALSE
	EndGlobalSection
	GlobalSection(ExtensibilityGlobals) = postSolution
		SolutionGuid = {30E4B470-A2C8-4239-B290-BAC4D3FE110E}
	EndGlobalSection
EndGlobal
